
Microsoft Visual Studio Solution File, Format Version 12.00
# Visual Studio Version 17
VisualStudioVersion = 17.11.35327.3
MinimumVisualStudioVersion = 10.0.40219.1
Project("{FAE04EC0-301F-11D3-BF4B-00C04F79EFBC}") = "csharpLabOne", "csharpLabOne.csproj", "{244521E4-F477-4E59-ADC9-E8CA7C48ED58}"
EndProject
Project("{FAE04EC0-301F-11D3-BF4B-00C04F79EFBC}") = "ProgressionTests", "..\ProgressionTests\ProgressionTests.csproj", "{5DFAB547-C3ED-4F79-B12F-4B2097646D63}"
EndProject
Global
	GlobalSection(SolutionConfigurationPlatforms) = preSolution
		Debug|Any CPU = Debug|Any CPU
		Release|Any CPU = Release|Any CPU
	EndGlobalSection
	GlobalSection(ProjectConfigurationPlatforms) = postSolution
		{244521E4-F477-4E59-ADC9-E8CA7C48ED58}.Debug|Any CPU.ActiveCfg = Debug|Any CPU
		{244521E4-F477-4E59-ADC9-E8CA7C48ED58}.Debug|Any CPU.Build.0 = Debug|Any CPU
		{244521E4-F477-4E59-ADC9-E8CA7C48ED58}.Release|Any CPU.ActiveCfg = Release|Any CPU
		{244521E4-F477-4E59-ADC9-E8CA7C48ED58}.Release|Any CPU.Build.0 = Release|Any CPU
		{5DFAB547-C3ED-4F79-B12F-4B2097646D63}.Debug|Any CPU.ActiveCfg = Debug|Any CPU
		{5DFAB547-C3ED-4F79-B12F-4B2097646D63}.Debug|Any CPU.Build.0 = Debug|Any CPU
		{5DFAB547-C3ED-4F79-B12F-4B2097646D63}.Release|Any CPU.ActiveCfg = Release|Any CPU
		{5DFAB547-C3ED-4F79-B12F-4B2097646D63}.Release|Any CPU.Build.0 = Release|Any CPU
	EndGlobalSection
	GlobalSection(SolutionProperties) = preSolution
		HideSolutionNode = FALSE
	EndGlobalSection
	GlobalSection(ExtensibilityGlobals) = postSolution
		SolutionGuid = {55EC94B8-894A-4B7F-806E-F65CE10C9DD7}
	EndGlobalSection
EndGlobal
